// !$*UTF8*$!
{
	archiveVersion = 1;
	classes = {
	};
	objectVersion = 46;
	objects = {

/* Begin PBXBuildFile section */
		4925CF6C1AA566200026305C /* SettingsViewController.m in Sources */ = {isa = PBXBuildFile; fileRef = 4925CF6B1AA566200026305C /* SettingsViewController.m */; };
		4929B6171AA133D300963AA7 /* Foundation.framework in Frameworks */ = {isa = PBXBuildFile; fileRef = 4929B6161AA133D300963AA7 /* Foundation.framework */; };
		4929B6191AA133D300963AA7 /* CoreGraphics.framework in Frameworks */ = {isa = PBXBuildFile; fileRef = 4929B6181AA133D300963AA7 /* CoreGraphics.framework */; };
		4929B61B1AA133D300963AA7 /* UIKit.framework in Frameworks */ = {isa = PBXBuildFile; fileRef = 4929B61A1AA133D300963AA7 /* UIKit.framework */; };
		4929B6211AA133D600963AA7 /* InfoPlist.strings in Resources */ = {isa = PBXBuildFile; fileRef = 4929B61F1AA133D600963AA7 /* InfoPlist.strings */; };
		4929B6231AA133D600963AA7 /* main.m in Sources */ = {isa = PBXBuildFile; fileRef = 4929B6221AA133D600963AA7 /* main.m */; };
		4929B6271AA133D700963AA7 /* AppDelegate.m in Sources */ = {isa = PBXBuildFile; fileRef = 4929B6261AA133D700963AA7 /* AppDelegate.m */; };
		4929B62A1AA133D800963AA7 /* Main_iPhone.storyboard in Resources */ = {isa = PBXBuildFile; fileRef = 4929B6281AA133D800963AA7 /* Main_iPhone.storyboard */; };
		4929B62D1AA133D800963AA7 /* Main_iPad.storyboard in Resources */ = {isa = PBXBuildFile; fileRef = 4929B62B1AA133D800963AA7 /* Main_iPad.storyboard */; };
		4929B6301AA133D900963AA7 /* HomeViewController.m in Sources */ = {isa = PBXBuildFile; fileRef = 4929B62F1AA133D900963AA7 /* HomeViewController.m */; };
		4929B6321AA133DA00963AA7 /* Images.xcassets in Resources */ = {isa = PBXBuildFile; fileRef = 4929B6311AA133DA00963AA7 /* Images.xcassets */; };
		4929B6391AA133DA00963AA7 /* XCTest.framework in Frameworks */ = {isa = PBXBuildFile; fileRef = 4929B6381AA133DA00963AA7 /* XCTest.framework */; };
		4929B63A1AA133DA00963AA7 /* Foundation.framework in Frameworks */ = {isa = PBXBuildFile; fileRef = 4929B6161AA133D300963AA7 /* Foundation.framework */; };
		4929B63B1AA133DA00963AA7 /* UIKit.framework in Frameworks */ = {isa = PBXBuildFile; fileRef = 4929B61A1AA133D300963AA7 /* UIKit.framework */; };
		4929B6431AA133DB00963AA7 /* InfoPlist.strings in Resources */ = {isa = PBXBuildFile; fileRef = 4929B6411AA133DB00963AA7 /* InfoPlist.strings */; };
		4929B6451AA133DB00963AA7 /* SFUdiscoverTests.m in Sources */ = {isa = PBXBuildFile; fileRef = 4929B6441AA133DB00963AA7 /* SFUdiscoverTests.m */; };
		4929B6501AA1359900963AA7 /* CanvasViewController.m in Sources */ = {isa = PBXBuildFile; fileRef = 4929B64F1AA1359900963AA7 /* CanvasViewController.m */; };
		4929B6531AA135A400963AA7 /* ConnectViewController.m in Sources */ = {isa = PBXBuildFile; fileRef = 4929B6521AA135A400963AA7 /* ConnectViewController.m */; };
		4929B6561AA135AF00963AA7 /* FeedbackViewController.m in Sources */ = {isa = PBXBuildFile; fileRef = 4929B6551AA135AF00963AA7 /* FeedbackViewController.m */; };
		4929B6591AA135BC00963AA7 /* CalendarViewController.m in Sources */ = {isa = PBXBuildFile; fileRef = 4929B6581AA135BC00963AA7 /* CalendarViewController.m */; };
		4929B65C1AA135C700963AA7 /* NavigationViewController.m in Sources */ = {isa = PBXBuildFile; fileRef = 4929B65B1AA135C700963AA7 /* NavigationViewController.m */; };
		4929B65F1AA135D100963AA7 /* TransitViewController.m in Sources */ = {isa = PBXBuildFile; fileRef = 4929B65E1AA135D100963AA7 /* TransitViewController.m */; };
		4929B6621AA135DF00963AA7 /* LoyaltyViewController.m in Sources */ = {isa = PBXBuildFile; fileRef = 4929B6611AA135DF00963AA7 /* LoyaltyViewController.m */; };
		4929B6651AA135EE00963AA7 /* NewsFeedViewController.m in Sources */ = {isa = PBXBuildFile; fileRef = 4929B6641AA135EE00963AA7 /* NewsFeedViewController.m */; };
		4929B6681AA135FD00963AA7 /* ServicesViewController.m in Sources */ = {isa = PBXBuildFile; fileRef = 4929B6671AA135FD00963AA7 /* ServicesViewController.m */; };
		49B69B061AA2A51800B3AC66 /* LibraryViewController.m in Sources */ = {isa = PBXBuildFile; fileRef = 49B69B051AA2A51800B3AC66 /* LibraryViewController.m */; };
		4E5E6EDA1AABAAC3004DC31F /* AddEventViewController.m in Sources */ = {isa = PBXBuildFile; fileRef = 4E5E6ED91AABAAC3004DC31F /* AddEventViewController.m */; };
		4E5E6EDD1AABAB8B004DC31F /* EventManager.m in Sources */ = {isa = PBXBuildFile; fileRef = 4E5E6EDC1AABAB8B004DC31F /* EventManager.m */; };
		4E5E6EE01AABBCAE004DC31F /* DailyViewController.m in Sources */ = {isa = PBXBuildFile; fileRef = 4E5E6EDF1AABBCAE004DC31F /* DailyViewController.m */; };
		97361C001AA8E9810075B4A5 /* BusScheduleViewController.m in Sources */ = {isa = PBXBuildFile; fileRef = 97361BFF1AA8E9810075B4A5 /* BusScheduleViewController.m */; };
		97361C031AA8EC9A0075B4A5 /* BusTableViewController.m in Sources */ = {isa = PBXBuildFile; fileRef = 97361C021AA8EC9A0075B4A5 /* BusTableViewController.m */; };
		97361C061AA8F8460075B4A5 /* TransitMapViewController.m in Sources */ = {isa = PBXBuildFile; fileRef = 97361C051AA8F8460075B4A5 /* TransitMapViewController.m */; };
		97361C091AA8F8CC0075B4A5 /* MapPin.m in Sources */ = {isa = PBXBuildFile; fileRef = 97361C081AA8F8CC0075B4A5 /* MapPin.m */; };
/* End PBXBuildFile section */

/* Begin PBXContainerItemProxy section */
		4929B63C1AA133DA00963AA7 /* PBXContainerItemProxy */ = {
			isa = PBXContainerItemProxy;
			containerPortal = 4929B60B1AA133D300963AA7 /* Project object */;
			proxyType = 1;
			remoteGlobalIDString = 4929B6121AA133D300963AA7;
			remoteInfo = SFUdiscover;
		};
/* End PBXContainerItemProxy section */

/* Begin PBXFileReference section */
		4925CF6A1AA566200026305C /* SettingsViewController.h */ = {isa = PBXFileReference; fileEncoding = 4; lastKnownFileType = sourcecode.c.h; path = SettingsViewController.h; sourceTree = "<group>"; };
		4925CF6B1AA566200026305C /* SettingsViewController.m */ = {isa = PBXFileReference; fileEncoding = 4; lastKnownFileType = sourcecode.c.objc; path = SettingsViewController.m; sourceTree = "<group>"; };
		4929B6131AA133D300963AA7 /* SFUdiscover.app */ = {isa = PBXFileReference; explicitFileType = wrapper.application; includeInIndex = 0; path = SFUdiscover.app; sourceTree = BUILT_PRODUCTS_DIR; };
		4929B6161AA133D300963AA7 /* Foundation.framework */ = {isa = PBXFileReference; lastKnownFileType = wrapper.framework; name = Foundation.framework; path = System/Library/Frameworks/Foundation.framework; sourceTree = SDKROOT; };
		4929B6181AA133D300963AA7 /* CoreGraphics.framework */ = {isa = PBXFileReference; lastKnownFileType = wrapper.framework; name = CoreGraphics.framework; path = System/Library/Frameworks/CoreGraphics.framework; sourceTree = SDKROOT; };
		4929B61A1AA133D300963AA7 /* UIKit.framework */ = {isa = PBXFileReference; lastKnownFileType = wrapper.framework; name = UIKit.framework; path = System/Library/Frameworks/UIKit.framework; sourceTree = SDKROOT; };
		4929B61E1AA133D400963AA7 /* SFUdiscover-Info.plist */ = {isa = PBXFileReference; lastKnownFileType = text.plist.xml; path = "SFUdiscover-Info.plist"; sourceTree = "<group>"; };
		4929B6201AA133D600963AA7 /* en */ = {isa = PBXFileReference; lastKnownFileType = text.plist.strings; name = en; path = en.lproj/InfoPlist.strings; sourceTree = "<group>"; };
		4929B6221AA133D600963AA7 /* main.m */ = {isa = PBXFileReference; lastKnownFileType = sourcecode.c.objc; path = main.m; sourceTree = "<group>"; };
		4929B6241AA133D600963AA7 /* SFUdiscover-Prefix.pch */ = {isa = PBXFileReference; lastKnownFileType = sourcecode.c.h; path = "SFUdiscover-Prefix.pch"; sourceTree = "<group>"; };
		4929B6251AA133D700963AA7 /* AppDelegate.h */ = {isa = PBXFileReference; lastKnownFileType = sourcecode.c.h; path = AppDelegate.h; sourceTree = "<group>"; };
		4929B6261AA133D700963AA7 /* AppDelegate.m */ = {isa = PBXFileReference; lastKnownFileType = sourcecode.c.objc; path = AppDelegate.m; sourceTree = "<group>"; };
		4929B6291AA133D800963AA7 /* Base */ = {isa = PBXFileReference; lastKnownFileType = file.storyboard; name = Base; path = Base.lproj/Main_iPhone.storyboard; sourceTree = "<group>"; };
		4929B62C1AA133D800963AA7 /* Base */ = {isa = PBXFileReference; lastKnownFileType = file.storyboard; name = Base; path = Base.lproj/Main_iPad.storyboard; sourceTree = "<group>"; };
		4929B62E1AA133D800963AA7 /* HomeViewController.h */ = {isa = PBXFileReference; lastKnownFileType = sourcecode.c.h; path = HomeViewController.h; sourceTree = "<group>"; };
		4929B62F1AA133D900963AA7 /* HomeViewController.m */ = {isa = PBXFileReference; lastKnownFileType = sourcecode.c.objc; path = HomeViewController.m; sourceTree = "<group>"; };
		4929B6311AA133DA00963AA7 /* Images.xcassets */ = {isa = PBXFileReference; lastKnownFileType = folder.assetcatalog; path = Images.xcassets; sourceTree = "<group>"; };
		4929B6371AA133DA00963AA7 /* SFUdiscoverTests.xctest */ = {isa = PBXFileReference; explicitFileType = wrapper.cfbundle; includeInIndex = 0; path = SFUdiscoverTests.xctest; sourceTree = BUILT_PRODUCTS_DIR; };
		4929B6381AA133DA00963AA7 /* XCTest.framework */ = {isa = PBXFileReference; lastKnownFileType = wrapper.framework; name = XCTest.framework; path = Library/Frameworks/XCTest.framework; sourceTree = DEVELOPER_DIR; };
		4929B6401AA133DB00963AA7 /* SFUdiscoverTests-Info.plist */ = {isa = PBXFileReference; lastKnownFileType = text.plist.xml; path = "SFUdiscoverTests-Info.plist"; sourceTree = "<group>"; };
		4929B6421AA133DB00963AA7 /* en */ = {isa = PBXFileReference; lastKnownFileType = text.plist.strings; name = en; path = en.lproj/InfoPlist.strings; sourceTree = "<group>"; };
		4929B6441AA133DB00963AA7 /* SFUdiscoverTests.m */ = {isa = PBXFileReference; lastKnownFileType = sourcecode.c.objc; path = SFUdiscoverTests.m; sourceTree = "<group>"; };
		4929B64E1AA1359900963AA7 /* CanvasViewController.h */ = {isa = PBXFileReference; fileEncoding = 4; lastKnownFileType = sourcecode.c.h; path = CanvasViewController.h; sourceTree = "<group>"; };
		4929B64F1AA1359900963AA7 /* CanvasViewController.m */ = {isa = PBXFileReference; fileEncoding = 4; lastKnownFileType = sourcecode.c.objc; path = CanvasViewController.m; sourceTree = "<group>"; };
		4929B6511AA135A400963AA7 /* ConnectViewController.h */ = {isa = PBXFileReference; fileEncoding = 4; lastKnownFileType = sourcecode.c.h; path = ConnectViewController.h; sourceTree = "<group>"; };
		4929B6521AA135A400963AA7 /* ConnectViewController.m */ = {isa = PBXFileReference; fileEncoding = 4; lastKnownFileType = sourcecode.c.objc; path = ConnectViewController.m; sourceTree = "<group>"; };
		4929B6541AA135AF00963AA7 /* FeedbackViewController.h */ = {isa = PBXFileReference; fileEncoding = 4; lastKnownFileType = sourcecode.c.h; path = FeedbackViewController.h; sourceTree = "<group>"; };
		4929B6551AA135AF00963AA7 /* FeedbackViewController.m */ = {isa = PBXFileReference; fileEncoding = 4; lastKnownFileType = sourcecode.c.objc; path = FeedbackViewController.m; sourceTree = "<group>"; };
		4929B6571AA135BC00963AA7 /* CalendarViewController.h */ = {isa = PBXFileReference; fileEncoding = 4; lastKnownFileType = sourcecode.c.h; path = CalendarViewController.h; sourceTree = "<group>"; };
		4929B6581AA135BC00963AA7 /* CalendarViewController.m */ = {isa = PBXFileReference; fileEncoding = 4; lastKnownFileType = sourcecode.c.objc; path = CalendarViewController.m; sourceTree = "<group>"; };
		4929B65A1AA135C700963AA7 /* NavigationViewController.h */ = {isa = PBXFileReference; fileEncoding = 4; lastKnownFileType = sourcecode.c.h; path = NavigationViewController.h; sourceTree = "<group>"; };
		4929B65B1AA135C700963AA7 /* NavigationViewController.m */ = {isa = PBXFileReference; fileEncoding = 4; lastKnownFileType = sourcecode.c.objc; path = NavigationViewController.m; sourceTree = "<group>"; };
		4929B65D1AA135D100963AA7 /* TransitViewController.h */ = {isa = PBXFileReference; fileEncoding = 4; lastKnownFileType = sourcecode.c.h; path = TransitViewController.h; sourceTree = "<group>"; };
		4929B65E1AA135D100963AA7 /* TransitViewController.m */ = {isa = PBXFileReference; fileEncoding = 4; lastKnownFileType = sourcecode.c.objc; path = TransitViewController.m; sourceTree = "<group>"; };
		4929B6601AA135DF00963AA7 /* LoyaltyViewController.h */ = {isa = PBXFileReference; fileEncoding = 4; lastKnownFileType = sourcecode.c.h; path = LoyaltyViewController.h; sourceTree = "<group>"; };
		4929B6611AA135DF00963AA7 /* LoyaltyViewController.m */ = {isa = PBXFileReference; fileEncoding = 4; lastKnownFileType = sourcecode.c.objc; path = LoyaltyViewController.m; sourceTree = "<group>"; };
		4929B6631AA135EE00963AA7 /* NewsFeedViewController.h */ = {isa = PBXFileReference; fileEncoding = 4; lastKnownFileType = sourcecode.c.h; path = NewsFeedViewController.h; sourceTree = "<group>"; };
		4929B6641AA135EE00963AA7 /* NewsFeedViewController.m */ = {isa = PBXFileReference; fileEncoding = 4; lastKnownFileType = sourcecode.c.objc; path = NewsFeedViewController.m; sourceTree = "<group>"; };
		4929B6661AA135FD00963AA7 /* ServicesViewController.h */ = {isa = PBXFileReference; fileEncoding = 4; lastKnownFileType = sourcecode.c.h; path = ServicesViewController.h; sourceTree = "<group>"; };
		4929B6671AA135FD00963AA7 /* ServicesViewController.m */ = {isa = PBXFileReference; fileEncoding = 4; lastKnownFileType = sourcecode.c.objc; path = ServicesViewController.m; sourceTree = "<group>"; };
		49B69B041AA2A51800B3AC66 /* LibraryViewController.h */ = {isa = PBXFileReference; fileEncoding = 4; lastKnownFileType = sourcecode.c.h; path = LibraryViewController.h; sourceTree = "<group>"; };
		49B69B051AA2A51800B3AC66 /* LibraryViewController.m */ = {isa = PBXFileReference; fileEncoding = 4; lastKnownFileType = sourcecode.c.objc; path = LibraryViewController.m; sourceTree = "<group>"; };
		4E5E6ED81AABAAC3004DC31F /* AddEventViewController.h */ = {isa = PBXFileReference; fileEncoding = 4; lastKnownFileType = sourcecode.c.h; path = AddEventViewController.h; sourceTree = "<group>"; };
		4E5E6ED91AABAAC3004DC31F /* AddEventViewController.m */ = {isa = PBXFileReference; fileEncoding = 4; lastKnownFileType = sourcecode.c.objc; path = AddEventViewController.m; sourceTree = "<group>"; };
		4E5E6EDB1AABAB8B004DC31F /* EventManager.h */ = {isa = PBXFileReference; fileEncoding = 4; lastKnownFileType = sourcecode.c.h; path = EventManager.h; sourceTree = "<group>"; };
		4E5E6EDC1AABAB8B004DC31F /* EventManager.m */ = {isa = PBXFileReference; fileEncoding = 4; lastKnownFileType = sourcecode.c.objc; path = EventManager.m; sourceTree = "<group>"; };
		4E5E6EDE1AABBCAE004DC31F /* DailyViewController.h */ = {isa = PBXFileReference; fileEncoding = 4; lastKnownFileType = sourcecode.c.h; path = DailyViewController.h; sourceTree = "<group>"; };
		4E5E6EDF1AABBCAE004DC31F /* DailyViewController.m */ = {isa = PBXFileReference; fileEncoding = 4; lastKnownFileType = sourcecode.c.objc; path = DailyViewController.m; sourceTree = "<group>"; };
		97361BFE1AA8E9810075B4A5 /* BusScheduleViewController.h */ = {isa = PBXFileReference; fileEncoding = 4; lastKnownFileType = sourcecode.c.h; path = BusScheduleViewController.h; sourceTree = "<group>"; };
		97361BFF1AA8E9810075B4A5 /* BusScheduleViewController.m */ = {isa = PBXFileReference; fileEncoding = 4; lastKnownFileType = sourcecode.c.objc; path = BusScheduleViewController.m; sourceTree = "<group>"; };
		97361C011AA8EC9A0075B4A5 /* BusTableViewController.h */ = {isa = PBXFileReference; fileEncoding = 4; lastKnownFileType = sourcecode.c.h; path = BusTableViewController.h; sourceTree = "<group>"; };
		97361C021AA8EC9A0075B4A5 /* BusTableViewController.m */ = {isa = PBXFileReference; fileEncoding = 4; lastKnownFileType = sourcecode.c.objc; path = BusTableViewController.m; sourceTree = "<group>"; };
		97361C041AA8F8460075B4A5 /* TransitMapViewController.h */ = {isa = PBXFileReference; fileEncoding = 4; lastKnownFileType = sourcecode.c.h; path = TransitMapViewController.h; sourceTree = "<group>"; };
		97361C051AA8F8460075B4A5 /* TransitMapViewController.m */ = {isa = PBXFileReference; fileEncoding = 4; lastKnownFileType = sourcecode.c.objc; path = TransitMapViewController.m; sourceTree = "<group>"; };
		97361C071AA8F8CC0075B4A5 /* MapPin.h */ = {isa = PBXFileReference; fileEncoding = 4; lastKnownFileType = sourcecode.c.h; path = MapPin.h; sourceTree = "<group>"; };
		97361C081AA8F8CC0075B4A5 /* MapPin.m */ = {isa = PBXFileReference; fileEncoding = 4; lastKnownFileType = sourcecode.c.objc; path = MapPin.m; sourceTree = "<group>"; };
/* End PBXFileReference section */

/* Begin PBXFrameworksBuildPhase section */
		4929B6101AA133D300963AA7 /* Frameworks */ = {
			isa = PBXFrameworksBuildPhase;
			buildActionMask = 2147483647;
			files = (
				4929B6191AA133D300963AA7 /* CoreGraphics.framework in Frameworks */,
				4929B61B1AA133D300963AA7 /* UIKit.framework in Frameworks */,
				4929B6171AA133D300963AA7 /* Foundation.framework in Frameworks */,
			);
			runOnlyForDeploymentPostprocessing = 0;
		};
		4929B6341AA133DA00963AA7 /* Frameworks */ = {
			isa = PBXFrameworksBuildPhase;
			buildActionMask = 2147483647;
			files = (
				4929B6391AA133DA00963AA7 /* XCTest.framework in Frameworks */,
				4929B63B1AA133DA00963AA7 /* UIKit.framework in Frameworks */,
				4929B63A1AA133DA00963AA7 /* Foundation.framework in Frameworks */,
			);
			runOnlyForDeploymentPostprocessing = 0;
		};
/* End PBXFrameworksBuildPhase section */

/* Begin PBXGroup section */
		4929B60A1AA133D300963AA7 = {
			isa = PBXGroup;
			children = (
				4929B61C1AA133D300963AA7 /* SFUdiscover */,
				4929B63E1AA133DA00963AA7 /* SFUdiscoverTests */,
				4929B6151AA133D300963AA7 /* Frameworks */,
				4929B6141AA133D300963AA7 /* Products */,
			);
			sourceTree = "<group>";
		};
		4929B6141AA133D300963AA7 /* Products */ = {
			isa = PBXGroup;
			children = (
				4929B6131AA133D300963AA7 /* SFUdiscover.app */,
				4929B6371AA133DA00963AA7 /* SFUdiscoverTests.xctest */,
			);
			name = Products;
			sourceTree = "<group>";
		};
		4929B6151AA133D300963AA7 /* Frameworks */ = {
			isa = PBXGroup;
			children = (
				4929B6161AA133D300963AA7 /* Foundation.framework */,
				4929B6181AA133D300963AA7 /* CoreGraphics.framework */,
				4929B61A1AA133D300963AA7 /* UIKit.framework */,
				4929B6381AA133DA00963AA7 /* XCTest.framework */,
			);
			name = Frameworks;
			sourceTree = "<group>";
		};
		4929B61C1AA133D300963AA7 /* SFUdiscover */ = {
			isa = PBXGroup;
			children = (
				4929B6251AA133D700963AA7 /* AppDelegate.h */,
				4929B6261AA133D700963AA7 /* AppDelegate.m */,
				4929B6281AA133D800963AA7 /* Main_iPhone.storyboard */,
				97361C071AA8F8CC0075B4A5 /* MapPin.h */,
				97361C081AA8F8CC0075B4A5 /* MapPin.m */,
				97361C041AA8F8460075B4A5 /* TransitMapViewController.h */,
				97361C051AA8F8460075B4A5 /* TransitMapViewController.m */,
				97361BFE1AA8E9810075B4A5 /* BusScheduleViewController.h */,
				97361BFF1AA8E9810075B4A5 /* BusScheduleViewController.m */,
				97361C011AA8EC9A0075B4A5 /* BusTableViewController.h */,
				97361C021AA8EC9A0075B4A5 /* BusTableViewController.m */,
				4929B62B1AA133D800963AA7 /* Main_iPad.storyboard */,
				4929B62E1AA133D800963AA7 /* HomeViewController.h */,
				4929B62F1AA133D900963AA7 /* HomeViewController.m */,
				4929B6311AA133DA00963AA7 /* Images.xcassets */,
				4929B64E1AA1359900963AA7 /* CanvasViewController.h */,
				4929B64F1AA1359900963AA7 /* CanvasViewController.m */,
				4929B6511AA135A400963AA7 /* ConnectViewController.h */,
				4929B6521AA135A400963AA7 /* ConnectViewController.m */,
				4929B6541AA135AF00963AA7 /* FeedbackViewController.h */,
				4929B6551AA135AF00963AA7 /* FeedbackViewController.m */,
				4929B6571AA135BC00963AA7 /* CalendarViewController.h */,
				4929B6581AA135BC00963AA7 /* CalendarViewController.m */,
				4929B65A1AA135C700963AA7 /* NavigationViewController.h */,
				4929B65B1AA135C700963AA7 /* NavigationViewController.m */,
				4929B65D1AA135D100963AA7 /* TransitViewController.h */,
				4929B65E1AA135D100963AA7 /* TransitViewController.m */,
				4929B6601AA135DF00963AA7 /* LoyaltyViewController.h */,
				4929B6611AA135DF00963AA7 /* LoyaltyViewController.m */,
				4929B6631AA135EE00963AA7 /* NewsFeedViewController.h */,
				4929B6641AA135EE00963AA7 /* NewsFeedViewController.m */,
				4929B6661AA135FD00963AA7 /* ServicesViewController.h */,
				4929B6671AA135FD00963AA7 /* ServicesViewController.m */,
				49B69B041AA2A51800B3AC66 /* LibraryViewController.h */,
				49B69B051AA2A51800B3AC66 /* LibraryViewController.m */,
				4925CF6A1AA566200026305C /* SettingsViewController.h */,
				4925CF6B1AA566200026305C /* SettingsViewController.m */,
				4929B61D1AA133D400963AA7 /* Supporting Files */,
				4E5E6ED81AABAAC3004DC31F /* AddEventViewController.h */,
				4E5E6ED91AABAAC3004DC31F /* AddEventViewController.m */,
				4E5E6EDE1AABBCAE004DC31F /* DailyViewController.h */,
				4E5E6EDF1AABBCAE004DC31F /* DailyViewController.m */,
				4E5E6EDB1AABAB8B004DC31F /* EventManager.h */,
				4E5E6EDC1AABAB8B004DC31F /* EventManager.m */,
			);
			path = SFUdiscover;
			sourceTree = "<group>";
		};
		4929B61D1AA133D400963AA7 /* Supporting Files */ = {
			isa = PBXGroup;
			children = (
				4929B61F1AA133D600963AA7 /* InfoPlist.strings */,
				4929B6221AA133D600963AA7 /* main.m */,
				4929B61E1AA133D400963AA7 /* SFUdiscover-Info.plist */,
				4929B6241AA133D600963AA7 /* SFUdiscover-Prefix.pch */,
			);
			name = "Supporting Files";
			sourceTree = "<group>";
		};
		4929B63E1AA133DA00963AA7 /* SFUdiscoverTests */ = {
			isa = PBXGroup;
			children = (
				4929B6441AA133DB00963AA7 /* SFUdiscoverTests.m */,
				4929B63F1AA133DB00963AA7 /* Supporting Files */,
			);
			path = SFUdiscoverTests;
			sourceTree = "<group>";
		};
		4929B63F1AA133DB00963AA7 /* Supporting Files */ = {
			isa = PBXGroup;
			children = (
				4929B6401AA133DB00963AA7 /* SFUdiscoverTests-Info.plist */,
				4929B6411AA133DB00963AA7 /* InfoPlist.strings */,
			);
			name = "Supporting Files";
			sourceTree = "<group>";
		};
/* End PBXGroup section */

/* Begin PBXNativeTarget section */
		4929B6121AA133D300963AA7 /* SFUdiscover */ = {
			isa = PBXNativeTarget;
			buildConfigurationList = 4929B6481AA133DB00963AA7 /* Build configuration list for PBXNativeTarget "SFUdiscover" */;
			buildPhases = (
				4929B60F1AA133D300963AA7 /* Sources */,
				4929B6101AA133D300963AA7 /* Frameworks */,
				4929B6111AA133D300963AA7 /* Resources */,
			);
			buildRules = (
			);
			dependencies = (
			);
			name = SFUdiscover;
			productName = SFUdiscover;
			productReference = 4929B6131AA133D300963AA7 /* SFUdiscover.app */;
			productType = "com.apple.product-type.application";
		};
		4929B6361AA133DA00963AA7 /* SFUdiscoverTests */ = {
			isa = PBXNativeTarget;
			buildConfigurationList = 4929B64B1AA133DB00963AA7 /* Build configuration list for PBXNativeTarget "SFUdiscoverTests" */;
			buildPhases = (
				4929B6331AA133DA00963AA7 /* Sources */,
				4929B6341AA133DA00963AA7 /* Frameworks */,
				4929B6351AA133DA00963AA7 /* Resources */,
			);
			buildRules = (
			);
			dependencies = (
				4929B63D1AA133DA00963AA7 /* PBXTargetDependency */,
			);
			name = SFUdiscoverTests;
			productName = SFUdiscoverTests;
			productReference = 4929B6371AA133DA00963AA7 /* SFUdiscoverTests.xctest */;
			productType = "com.apple.product-type.bundle.unit-test";
		};
/* End PBXNativeTarget section */

/* Begin PBXProject section */
		4929B60B1AA133D300963AA7 /* Project object */ = {
			isa = PBXProject;
			attributes = {
				LastUpgradeCheck = 0510;
				ORGANIZATIONNAME = EngagingFoundations;
				TargetAttributes = {
					4929B6361AA133DA00963AA7 = {
						TestTargetID = 4929B6121AA133D300963AA7;
					};
				};
			};
			buildConfigurationList = 4929B60E1AA133D300963AA7 /* Build configuration list for PBXProject "SFUdiscover" */;
			compatibilityVersion = "Xcode 3.2";
			developmentRegion = English;
			hasScannedForEncodings = 0;
			knownRegions = (
				en,
				Base,
			);
			mainGroup = 4929B60A1AA133D300963AA7;
			productRefGroup = 4929B6141AA133D300963AA7 /* Products */;
			projectDirPath = "";
			projectRoot = "";
			targets = (
				4929B6121AA133D300963AA7 /* SFUdiscover */,
				4929B6361AA133DA00963AA7 /* SFUdiscoverTests */,
			);
		};
/* End PBXProject section */

/* Begin PBXResourcesBuildPhase section */
		4929B6111AA133D300963AA7 /* Resources */ = {
			isa = PBXResourcesBuildPhase;
			buildActionMask = 2147483647;
			files = (
				4929B62D1AA133D800963AA7 /* Main_iPad.storyboard in Resources */,
				4929B6321AA133DA00963AA7 /* Images.xcassets in Resources */,
				4929B62A1AA133D800963AA7 /* Main_iPhone.storyboard in Resources */,
				4929B6211AA133D600963AA7 /* InfoPlist.strings in Resources */,
			);
			runOnlyForDeploymentPostprocessing = 0;
		};
		4929B6351AA133DA00963AA7 /* Resources */ = {
			isa = PBXResourcesBuildPhase;
			buildActionMask = 2147483647;
			files = (
				4929B6431AA133DB00963AA7 /* InfoPlist.strings in Resources */,
			);
			runOnlyForDeploymentPostprocessing = 0;
		};
/* End PBXResourcesBuildPhase section */

/* Begin PBXSourcesBuildPhase section */
		4929B60F1AA133D300963AA7 /* Sources */ = {
			isa = PBXSourcesBuildPhase;
			buildActionMask = 2147483647;
			files = (
				97361C091AA8F8CC0075B4A5 /* MapPin.m in Sources */,
				4929B6651AA135EE00963AA7 /* NewsFeedViewController.m in Sources */,
				4929B6501AA1359900963AA7 /* CanvasViewController.m in Sources */,
				4E5E6EDA1AABAAC3004DC31F /* AddEventViewController.m in Sources */,
				4929B6531AA135A400963AA7 /* ConnectViewController.m in Sources */,
				4929B6301AA133D900963AA7 /* HomeViewController.m in Sources */,
				4E5E6EE01AABBCAE004DC31F /* DailyViewController.m in Sources */,
				97361C061AA8F8460075B4A5 /* TransitMapViewController.m in Sources */,
				97361C031AA8EC9A0075B4A5 /* BusTableViewController.m in Sources */,
				4929B6271AA133D700963AA7 /* AppDelegate.m in Sources */,
				97361C001AA8E9810075B4A5 /* BusScheduleViewController.m in Sources */,
				4929B65C1AA135C700963AA7 /* NavigationViewController.m in Sources */,
				49B69B061AA2A51800B3AC66 /* LibraryViewController.m in Sources */,
				4929B6231AA133D600963AA7 /* main.m in Sources */,
				4929B65F1AA135D100963AA7 /* TransitViewController.m in Sources */,
				4E5E6EDD1AABAB8B004DC31F /* EventManager.m in Sources */,
				4929B6561AA135AF00963AA7 /* FeedbackViewController.m in Sources */,
				4929B6591AA135BC00963AA7 /* CalendarViewController.m in Sources */,
				4929B6681AA135FD00963AA7 /* ServicesViewController.m in Sources */,
				4929B6621AA135DF00963AA7 /* LoyaltyViewController.m in Sources */,
				4925CF6C1AA566200026305C /* SettingsViewController.m in Sources */,
			);
			runOnlyForDeploymentPostprocessing = 0;
		};
		4929B6331AA133DA00963AA7 /* Sources */ = {
			isa = PBXSourcesBuildPhase;
			buildActionMask = 2147483647;
			files = (
				4929B6451AA133DB00963AA7 /* SFUdiscoverTests.m in Sources */,
			);
			runOnlyForDeploymentPostprocessing = 0;
		};
/* End PBXSourcesBuildPhase section */

/* Begin PBXTargetDependency section */
		4929B63D1AA133DA00963AA7 /* PBXTargetDependency */ = {
			isa = PBXTargetDependency;
			target = 4929B6121AA133D300963AA7 /* SFUdiscover */;
			targetProxy = 4929B63C1AA133DA00963AA7 /* PBXContainerItemProxy */;
		};
/* End PBXTargetDependency section */

/* Begin PBXVariantGroup section */
		4929B61F1AA133D600963AA7 /* InfoPlist.strings */ = {
			isa = PBXVariantGroup;
			children = (
				4929B6201AA133D600963AA7 /* en */,
			);
			name = InfoPlist.strings;
			sourceTree = "<group>";
		};
		4929B6281AA133D800963AA7 /* Main_iPhone.storyboard */ = {
			isa = PBXVariantGroup;
			children = (
				4929B6291AA133D800963AA7 /* Base */,
			);
			name = Main_iPhone.storyboard;
			sourceTree = "<group>";
		};
		4929B62B1AA133D800963AA7 /* Main_iPad.storyboard */ = {
			isa = PBXVariantGroup;
			children = (
				4929B62C1AA133D800963AA7 /* Base */,
			);
			name = Main_iPad.storyboard;
			sourceTree = "<group>";
		};
		4929B6411AA133DB00963AA7 /* InfoPlist.strings */ = {
			isa = PBXVariantGroup;
			children = (
				4929B6421AA133DB00963AA7 /* en */,
			);
			name = InfoPlist.strings;
			sourceTree = "<group>";
		};
/* End PBXVariantGroup section */

/* Begin XCBuildConfiguration section */
		4929B6461AA133DB00963AA7 /* Debug */ = {
			isa = XCBuildConfiguration;
			buildSettings = {
				ALWAYS_SEARCH_USER_PATHS = NO;
				CLANG_CXX_LANGUAGE_STANDARD = "gnu++0x";
				CLANG_CXX_LIBRARY = "libc++";
				CLANG_ENABLE_MODULES = YES;
				CLANG_ENABLE_OBJC_ARC = YES;
				CLANG_WARN_BOOL_CONVERSION = YES;
				CLANG_WARN_CONSTANT_CONVERSION = YES;
				CLANG_WARN_DIRECT_OBJC_ISA_USAGE = YES_ERROR;
				CLANG_WARN_EMPTY_BODY = YES;
				CLANG_WARN_ENUM_CONVERSION = YES;
				CLANG_WARN_INT_CONVERSION = YES;
				CLANG_WARN_OBJC_ROOT_CLASS = YES_ERROR;
				CLANG_WARN__DUPLICATE_METHOD_MATCH = YES;
				"CODE_SIGN_IDENTITY[sdk=iphoneos*]" = "iPhone Developer";
				COPY_PHASE_STRIP = NO;
				GCC_C_LANGUAGE_STANDARD = gnu99;
				GCC_DYNAMIC_NO_PIC = NO;
				GCC_OPTIMIZATION_LEVEL = 0;
				GCC_PREPROCESSOR_DEFINITIONS = (
					"DEBUG=1",
					"$(inherited)",
				);
				GCC_SYMBOLS_PRIVATE_EXTERN = NO;
				GCC_WARN_64_TO_32_BIT_CONVERSION = YES;
				GCC_WARN_ABOUT_RETURN_TYPE = YES_ERROR;
				GCC_WARN_UNDECLARED_SELECTOR = YES;
				GCC_WARN_UNINITIALIZED_AUTOS = YES_AGGRESSIVE;
				GCC_WARN_UNUSED_FUNCTION = YES;
				GCC_WARN_UNUSED_VARIABLE = YES;
				IPHONEOS_DEPLOYMENT_TARGET = 7.1;
				ONLY_ACTIVE_ARCH = YES;
				SDKROOT = iphoneos;
				TARGETED_DEVICE_FAMILY = "1,2";
			};
			name = Debug;
		};
		4929B6471AA133DB00963AA7 /* Release */ = {
			isa = XCBuildConfiguration;
			buildSettings = {
				ALWAYS_SEARCH_USER_PATHS = NO;
				CLANG_CXX_LANGUAGE_STANDARD = "gnu++0x";
				CLANG_CXX_LIBRARY = "libc++";
				CLANG_ENABLE_MODULES = YES;
				CLANG_ENABLE_OBJC_ARC = YES;
				CLANG_WARN_BOOL_CONVERSION = YES;
				CLANG_WARN_CONSTANT_CONVERSION = YES;
				CLANG_WARN_DIRECT_OBJC_ISA_USAGE = YES_ERROR;
				CLANG_WARN_EMPTY_BODY = YES;
				CLANG_WARN_ENUM_CONVERSION = YES;
				CLANG_WARN_INT_CONVERSION = YES;
				CLANG_WARN_OBJC_ROOT_CLASS = YES_ERROR;
				CLANG_WARN__DUPLICATE_METHOD_MATCH = YES;
				"CODE_SIGN_IDENTITY[sdk=iphoneos*]" = "iPhone Developer";
				COPY_PHASE_STRIP = YES;
				ENABLE_NS_ASSERTIONS = NO;
				GCC_C_LANGUAGE_STANDARD = gnu99;
				GCC_WARN_64_TO_32_BIT_CONVERSION = YES;
				GCC_WARN_ABOUT_RETURN_TYPE = YES_ERROR;
				GCC_WARN_UNDECLARED_SELECTOR = YES;
				GCC_WARN_UNINITIALIZED_AUTOS = YES_AGGRESSIVE;
				GCC_WARN_UNUSED_FUNCTION = YES;
				GCC_WARN_UNUSED_VARIABLE = YES;
				IPHONEOS_DEPLOYMENT_TARGET = 7.1;
				SDKROOT = iphoneos;
				TARGETED_DEVICE_FAMILY = "1,2";
				VALIDATE_PRODUCT = YES;
			};
			name = Release;
		};
		4929B6491AA133DB00963AA7 /* Debug */ = {
			isa = XCBuildConfiguration;
			buildSettings = {
				ASSETCATALOG_COMPILER_APPICON_NAME = AppIcon;
				ASSETCATALOG_COMPILER_LAUNCHIMAGE_NAME = LaunchImage;
				GCC_PRECOMPILE_PREFIX_HEADER = YES;
				GCC_PREFIX_HEADER = "SFUdiscover/SFUdiscover-Prefix.pch";
				INFOPLIST_FILE = "SFUdiscover/SFUdiscover-Info.plist";
				PRODUCT_NAME = "$(TARGET_NAME)";
				TARGETED_DEVICE_FAMILY = "1,2";
				WRAPPER_EXTENSION = app;
			};
			name = Debug;
		};
		4929B64A1AA133DB00963AA7 /* Release */ = {
			isa = XCBuildConfiguration;
			buildSettings = {
				ASSETCATALOG_COMPILER_APPICON_NAME = AppIcon;
				ASSETCATALOG_COMPILER_LAUNCHIMAGE_NAME = LaunchImage;
				GCC_PRECOMPILE_PREFIX_HEADER = YES;
				GCC_PREFIX_HEADER = "SFUdiscover/SFUdiscover-Prefix.pch";
				INFOPLIST_FILE = "SFUdiscover/SFUdiscover-Info.plist";
				PRODUCT_NAME = "$(TARGET_NAME)";
				TARGETED_DEVICE_FAMILY = "1,2";
				WRAPPER_EXTENSION = app;
			};
			name = Release;
		};
		4929B64C1AA133DB00963AA7 /* Debug */ = {
			isa = XCBuildConfiguration;
			buildSettings = {
				BUNDLE_LOADER = "$(BUILT_PRODUCTS_DIR)/SFUdiscover.app/SFUdiscover";
				FRAMEWORK_SEARCH_PATHS = (
					"$(SDKROOT)/Developer/Library/Frameworks",
					"$(inherited)",
					"$(DEVELOPER_FRAMEWORKS_DIR)",
				);
				GCC_PRECOMPILE_PREFIX_HEADER = YES;
				GCC_PREFIX_HEADER = "SFUdiscover/SFUdiscover-Prefix.pch";
				GCC_PREPROCESSOR_DEFINITIONS = (
					"DEBUG=1",
					"$(inherited)",
				);
				INFOPLIST_FILE = "SFUdiscoverTests/SFUdiscoverTests-Info.plist";
				PRODUCT_NAME = "$(TARGET_NAME)";
				TEST_HOST = "$(BUNDLE_LOADER)";
				WRAPPER_EXTENSION = xctest;
			};
			name = Debug;
		};
		4929B64D1AA133DB00963AA7 /* Release */ = {
			isa = XCBuildConfiguration;
			buildSettings = {
				BUNDLE_LOADER = "$(BUILT_PRODUCTS_DIR)/SFUdiscover.app/SFUdiscover";
				FRAMEWORK_SEARCH_PATHS = (
					"$(SDKROOT)/Developer/Library/Frameworks",
					"$(inherited)",
					"$(DEVELOPER_FRAMEWORKS_DIR)",
				);
				GCC_PRECOMPILE_PREFIX_HEADER = YES;
				GCC_PREFIX_HEADER = "SFUdiscover/SFUdiscover-Prefix.pch";
				INFOPLIST_FILE = "SFUdiscoverTests/SFUdiscoverTests-Info.plist";
				PRODUCT_NAME = "$(TARGET_NAME)";
				TEST_HOST = "$(BUNDLE_LOADER)";
				WRAPPER_EXTENSION = xctest;
			};
			name = Release;
		};
/* End XCBuildConfiguration section */

/* Begin XCConfigurationList section */
		4929B60E1AA133D300963AA7 /* Build configuration list for PBXProject "SFUdiscover" */ = {
			isa = XCConfigurationList;
			buildConfigurations = (
				4929B6461AA133DB00963AA7 /* Debug */,
				4929B6471AA133DB00963AA7 /* Release */,
			);
			defaultConfigurationIsVisible = 0;
			defaultConfigurationName = Release;
		};
		4929B6481AA133DB00963AA7 /* Build configuration list for PBXNativeTarget "SFUdiscover" */ = {
			isa = XCConfigurationList;
			buildConfigurations = (
				4929B6491AA133DB00963AA7 /* Debug */,
				4929B64A1AA133DB00963AA7 /* Release */,
			);
			defaultConfigurationIsVisible = 0;
			defaultConfigurationName = Release;
		};
		4929B64B1AA133DB00963AA7 /* Build configuration list for PBXNativeTarget "SFUdiscoverTests" */ = {
			isa = XCConfigurationList;
			buildConfigurations = (
				4929B64C1AA133DB00963AA7 /* Debug */,
				4929B64D1AA133DB00963AA7 /* Release */,
			);
			defaultConfigurationIsVisible = 0;
			defaultConfigurationName = Release;
		};
/* End XCConfigurationList section */
	};
	rootObject = 4929B60B1AA133D300963AA7 /* Project object */;
}
